
Microsoft Visual Studio Solution File, Format Version 12.00
# Visual Studio Version 16
VisualStudioVersion = 16.0.29306.81
MinimumVisualStudioVersion = 10.0.40219.1
Project("{9A19103F-16F7-4668-BE54-9A1E7A4F7556}") = "Liftr.DataSource.Mongo", "Liftr.DataSource.Mongo\Liftr.DataSource.Mongo.csproj", "{629A2EE7-20D0-47D7-A9A9-638BA7EF6AD2}"
EndProject
Project("{9A19103F-16F7-4668-BE54-9A1E7A4F7556}") = "Liftr.Logging", "Liftr.Logging\Liftr.Logging.csproj", "{336FAA25-B1F3-4541-BB14-A42ED60E88EA}"
EndProject
Project("{9A19103F-16F7-4668-BE54-9A1E7A4F7556}") = "Liftr.Contracts", "Liftr.Contracts\Liftr.Contracts.csproj", "{7BD6E1C0-4B0F-4DDC-83A2-FD9298907FB7}"
EndProject
Project("{9A19103F-16F7-4668-BE54-9A1E7A4F7556}") = "Liftr.Utilities", "Liftr.Utilities\Liftr.Utilities.csproj", "{236CF19C-399F-460F-A068-935185814C14}"
EndProject
Project("{9A19103F-16F7-4668-BE54-9A1E7A4F7556}") = "Liftr.Utilities.Tests", "Liftr.Utilities.Tests\Liftr.Utilities.Tests.csproj", "{BCE2A045-4B3F-4D3C-A87E-A226EF09176C}"
EndProject
Project("{9A19103F-16F7-4668-BE54-9A1E7A4F7556}") = "Liftr.Contracts.Tests", "Liftr.Contracts.Tests\Liftr.Contracts.Tests.csproj", "{67D5E047-67CC-4A4C-A0E9-524F7F69B54A}"
EndProject
Project("{2150E333-8FDC-42A3-9474-1A3956D46DE8}") = "_build", "_build", "{29892849-A243-4D10-ADCE-8C22C791CDE0}"
	ProjectSection(SolutionItems) = preProject
		Directory.Build.props = Directory.Build.props
		Directory.Build.targets = Directory.Build.targets
		NuGet.config = NuGet.config
		PackageVersions.props = PackageVersions.props
	EndProjectSection
EndProject
Project("{9A19103F-16F7-4668-BE54-9A1E7A4F7556}") = "Liftr.DataSource.Mongo.Tests.Common", "Liftr.DataSource.Mongo.Tests.Common\Liftr.DataSource.Mongo.Tests.Common.csproj", "{50927DA1-CA1A-415D-B367-64884D31F75E}"
EndProject
Project("{9A19103F-16F7-4668-BE54-9A1E7A4F7556}") = "Liftr.DataSource.Mongo.Tests", "Liftr.DataSource.Mongo.Tests\Liftr.DataSource.Mongo.Tests.csproj", "{FECC342E-C729-4936-ABCD-CBC72C524CB4}"
EndProject
Project("{9A19103F-16F7-4668-BE54-9A1E7A4F7556}") = "Liftr.DataSource.Abstractions", "Liftr.DataSource.Abstractions\Liftr.DataSource.Abstractions.csproj", "{146F2075-7E59-4EF9-977E-A3FCADB8542A}"
EndProject
Project("{9A19103F-16F7-4668-BE54-9A1E7A4F7556}") = "Liftr.Logging.AspNetCore", "Liftr.Logging.AspNetCore\Liftr.Logging.AspNetCore.csproj", "{AB670CE0-356D-457F-BBE9-D25462011106}"
EndProject
Project("{9A19103F-16F7-4668-BE54-9A1E7A4F7556}") = "Liftr.DiagnosticSource", "Liftr.DiagnosticSource\Liftr.DiagnosticSource.csproj", "{19489C1B-B028-4C2D-97CE-96E0C04F2D66}"
EndProject
Project("{9A19103F-16F7-4668-BE54-9A1E7A4F7556}") = "Liftr.Logging.AspNetCore.Tests", "Liftr.Logging.AspNetCore.Tests\Liftr.Logging.AspNetCore.Tests.csproj", "{4A6175BE-90EE-4977-B10A-8169EDAAAC24}"
EndProject
Project("{9A19103F-16F7-4668-BE54-9A1E7A4F7556}") = "Liftr.Hosting.Tests", "Liftr.Hosting.Tests\Liftr.Hosting.Tests.csproj", "{ECA70B79-3BE8-40B9-8BA9-54FB9C631F76}"
EndProject
Project("{9A19103F-16F7-4668-BE54-9A1E7A4F7556}") = "Liftr.Hosting.Swagger", "Liftr.Hosting.Swagger\Liftr.Hosting.Swagger.csproj", "{0B8AC032-B4A0-47B0-82DB-305BB0CB35DC}"
EndProject
Project("{9A19103F-16F7-4668-BE54-9A1E7A4F7556}") = "Liftr.Fluent", "Liftr.Fluent\Liftr.Fluent.csproj", "{08D4FCD3-87AB-448A-AE3A-79A79F75E819}"
EndProject
Project("{9A19103F-16F7-4668-BE54-9A1E7A4F7556}") = "Liftr.Fluent.Contracts", "Liftr.Fluent.Contracts\Liftr.Fluent.Contracts.csproj", "{215B1D28-BE23-4454-8045-1E35345B7E39}"
EndProject
Project("{9A19103F-16F7-4668-BE54-9A1E7A4F7556}") = "Liftr.TokenManager", "Liftr.TokenManager\Liftr.TokenManager.csproj", "{8DE88599-FCF1-4F2D-B535-7CC426C4005C}"
EndProject
Project("{9A19103F-16F7-4668-BE54-9A1E7A4F7556}") = "Liftr.RPaaS", "Liftr.RPaaS\Liftr.RPaaS.csproj", "{846680C1-6D27-4D19-B36F-0F1B26070337}"
EndProject
Project("{9A19103F-16F7-4668-BE54-9A1E7A4F7556}") = "Liftr.Configuration", "Liftr.Configuration\Liftr.Configuration.csproj", "{F5E37EF0-A2A3-49B8-8D69-D0246551638C}"
EndProject
Project("{9A19103F-16F7-4668-BE54-9A1E7A4F7556}") = "Liftr.WebHosting", "Liftr.WebHosting\Liftr.WebHosting.csproj", "{E3193929-8812-4626-A2A7-E049FF4E398D}"
EndProject
Project("{9A19103F-16F7-4668-BE54-9A1E7A4F7556}") = "Liftr.GenericHosting", "Liftr.GenericHosting\Liftr.GenericHosting.csproj", "{78C347BD-7930-483C-BDFA-5B8A09B85CE0}"
EndProject
Project("{2150E333-8FDC-42A3-9474-1A3956D46DE8}") = "Samples", "Samples", "{E6C8A847-172D-4E1A-ADFB-AC96B7C1314F}"
EndProject
Project("{9A19103F-16F7-4668-BE54-9A1E7A4F7556}") = "Liftr.Logging.GenericHosting", "Liftr.Logging.GenericHosting\Liftr.Logging.GenericHosting.csproj", "{39FF46EE-FCB6-4483-A340-B7D71D5AABB7}"
EndProject
Project("{9A19103F-16F7-4668-BE54-9A1E7A4F7556}") = "Liftr.Fluent.Contracts.Tests", "Liftr.Fluent.Contracts.Tests\Liftr.Fluent.Contracts.Tests.csproj", "{5D508DDE-85E6-434C-ACA5-5F06A3ABC52E}"
EndProject
Project("{9A19103F-16F7-4668-BE54-9A1E7A4F7556}") = "Liftr.Fluent.Provisioning", "Liftr.Fluent.Provisioning\Liftr.Fluent.Provisioning.csproj", "{F8E1FF57-A3F7-4F14-8852-57DDA637DE58}"
EndProject
Project("{9A19103F-16F7-4668-BE54-9A1E7A4F7556}") = "Liftr.Fluent.Tests", "Liftr.Fluent.Tests\Liftr.Fluent.Tests.csproj", "{6E234489-0477-4F0E-BBEA-52A15E86BDCF}"
EndProject
Project("{9A19103F-16F7-4668-BE54-9A1E7A4F7556}") = "Liftr.SimpleDeploy", "Liftr.SimpleDeploy\Liftr.SimpleDeploy.csproj", "{671C5D08-6E65-43C8-82B3-7C805C79CFB9}"
EndProject
Project("{2150E333-8FDC-42A3-9474-1A3956D46DE8}") = "Fluent", "Fluent", "{E4958D13-B767-451D-8C50-629C1805BD9A}"
EndProject
Project("{9A19103F-16F7-4668-BE54-9A1E7A4F7556}") = "Liftr.Tests.Common", "Liftr.Tests.Common\Liftr.Tests.Common.csproj", "{C33A3C82-369A-4864-B8DF-5D3B45BD0E24}"
EndProject
Project("{9A19103F-16F7-4668-BE54-9A1E7A4F7556}") = "Liftr.ImageBuilder", "Liftr.ImageBuilder\Liftr.ImageBuilder.csproj", "{59FCEAD2-6D14-404D-B0E2-0F8E22621DDF}"
EndProject
Project("{9A19103F-16F7-4668-BE54-9A1E7A4F7556}") = "Liftr.ImageBuilder.Tests", "Liftr.ImageBuilder.Tests\Liftr.ImageBuilder.Tests.csproj", "{F7817F47-0281-4933-852B-3849FD28161A}"
EndProject
Project("{9A19103F-16F7-4668-BE54-9A1E7A4F7556}") = "Liftr.KeyVault", "Liftr.KeyVault\Liftr.KeyVault.csproj", "{28E45D28-1AEF-4489-893F-A9C71F64242C}"
EndProject
Project("{9A19103F-16F7-4668-BE54-9A1E7A4F7556}") = "Liftr.Queue", "Liftr.Queue\Liftr.Queue.csproj", "{05C29794-2077-4A1A-BC4C-7AF871C0BBF1}"
EndProject
Project("{9A19103F-16F7-4668-BE54-9A1E7A4F7556}") = "Liftr.Queue.Abstractions", "Liftr.Queue.Abstractions\Liftr.Queue.Abstractions.csproj", "{35E9C211-BAB8-434C-8666-FABA33163F58}"
EndProject
Project("{9A19103F-16F7-4668-BE54-9A1E7A4F7556}") = "Liftr.Queue.Tests", "Liftr.Queue.Tests\Liftr.Queue.Tests.csproj", "{63D7CBAF-DD3C-4EB2-96ED-042345D6CD4D}"
EndProject
Project("{9A19103F-16F7-4668-BE54-9A1E7A4F7556}") = "Liftr.RPaaS.Hosting", "Liftr.RPaaS.Hosting\Liftr.RPaaS.Hosting.csproj", "{7150367B-73A1-400B-9E7F-FFD645A7EC96}"
EndProject
Project("{9A19103F-16F7-4668-BE54-9A1E7A4F7556}") = "Liftr.EV2.Contracts", "Liftr.EV2.Contracts\Liftr.EV2.Contracts.csproj", "{0EC30C9D-ECEE-46EB-BF7C-AE86BA0F6FDA}"
EndProject
Project("{9A19103F-16F7-4668-BE54-9A1E7A4F7556}") = "Liftr.EV2", "Liftr.EV2\Liftr.EV2.csproj", "{0973BD2E-0AF6-4AFE-8498-98DD35279C03}"
EndProject
Project("{9A19103F-16F7-4668-BE54-9A1E7A4F7556}") = "Deployment.Runner", "Deployment.Runner\Deployment.Runner.csproj", "{F8A62179-A595-493D-8AA9-D52CC0736B1B}"
EndProject
Project("{9A19103F-16F7-4668-BE54-9A1E7A4F7556}") = "Liftr.EV2.Tests", "Liftr.EV2.Tests\Liftr.EV2.Tests.csproj", "{FC1079A0-2DC6-4276-BC8A-8487B830C483}"
EndProject
Project("{9A19103F-16F7-4668-BE54-9A1E7A4F7556}") = "Liftr.RPaaS.Tests", "Liftr.RPaaS.Tests\Liftr.RPaaS.Tests.csproj", "{597D1C42-5E2D-4724-8FBA-9B3A3F668801}"
EndProject
Project("{9A19103F-16F7-4668-BE54-9A1E7A4F7556}") = "SampleWebApp", "Samples\SampleWebApp\SampleWebApp.csproj", "{39030FA7-8BA1-4A8B-A830-67421BCBA3E7}"
EndProject
Project("{9A19103F-16F7-4668-BE54-9A1E7A4F7556}") = "Liftr.Sample.Web", "Samples\Liftr.Sample.Web\Liftr.Sample.Web.csproj", "{9D0B9A7C-84F7-419A-906B-C1F681373CFA}"
EndProject
Project("{9A19103F-16F7-4668-BE54-9A1E7A4F7556}") = "Liftr.MarketplaceResource.DataSource", "Liftr.MarketplaceResource.DataSource\Liftr.MarketplaceResource.DataSource.csproj", "{83D64C35-470C-46F9-8BEE-7458E815057B}"
EndProject
Project("{9A19103F-16F7-4668-BE54-9A1E7A4F7556}") = "Liftr.MarketplaceResource.DataSource.Tests", "Liftr.MarketplaceResource.DataSource.Tests\Liftr.MarketplaceResource.DataSource.Tests.csproj", "{8E6D26F1-46B3-4781-A5FE-E396F728D7F3}"
EndProject
Project("{9A19103F-16F7-4668-BE54-9A1E7A4F7556}") = "Liftr.Sample.WorkerService", "Samples\Liftr.Sample.WorkerService\Liftr.Sample.WorkerService.csproj", "{8B367199-4655-4E45-BCF0-9D809E3544F5}"
EndProject
Project("{9A19103F-16F7-4668-BE54-9A1E7A4F7556}") = "Liftr.Encryption", "Liftr.Encryption.KeyVault\Liftr.Encryption.csproj", "{449903F7-E408-47A9-A33D-78655117A85B}"
EndProject
Project("{9A19103F-16F7-4668-BE54-9A1E7A4F7556}") = "Liftr.Encryption.KeyVault.Test", "Liftr.Encryption.KeyVault.Test\Liftr.Encryption.KeyVault.Test.csproj", "{E283DD0C-E2E3-47F9-AC18-177A67E7D31C}"
EndProject
Project("{9A19103F-16F7-4668-BE54-9A1E7A4F7556}") = "Liftr.RPaaS.Abstractions", "Liftr.RPaaS.Abstractions\Liftr.RPaaS.Abstractions.csproj", "{93E15DC3-6AE3-42A7-90F3-DE05573DDEAA}"
EndProject
Project("{9A19103F-16F7-4668-BE54-9A1E7A4F7556}") = "Liftr.TokenManager.Tests", "Liftr.TokenManager.Tests\Liftr.TokenManager.Tests.csproj", "{6FABC68A-B1F9-4739-8341-538DA82196FE}"
EndProject
Project("{9A19103F-16F7-4668-BE54-9A1E7A4F7556}") = "Liftr.Encryption.Abstractions", "Liftr.Encryption.Abstractions\Liftr.Encryption.Abstractions.csproj", "{08472C9D-45B1-4B68-934B-2BF6CA1A2BC1}"
EndProject
Project("{9A19103F-16F7-4668-BE54-9A1E7A4F7556}") = "Liftr.TokenManager.Abstractions", "Liftr.TokenManager.Abstractions\Liftr.TokenManager.Abstractions.csproj", "{94B9A018-4CE0-4230-B798-5FC5A1015852}"
EndProject
Project("{9A19103F-16F7-4668-BE54-9A1E7A4F7556}") = "Liftr.AAD", "Liftr.AAD\Liftr.AAD.csproj", "{F8D05E68-A4B0-4DE8-B3F0-56FFA790914A}"
EndProject
Project("{9A19103F-16F7-4668-BE54-9A1E7A4F7556}") = "Liftr.Sample.Web.Tests", "Samples\Liftr.Sample.Web.Tests\Liftr.Sample.Web.Tests.csproj", "{930EE827-D11D-4F94-A213-F9D1C199E4C5}"
EndProject
Project("{9A19103F-16F7-4668-BE54-9A1E7A4F7556}") = "Liftr.Blob", "Liftr.Blob\Liftr.Blob.csproj", "{EA835D6E-97FA-429E-A6EA-6FC6B0F9AA9E}"
EndProject
Project("{9A19103F-16F7-4668-BE54-9A1E7A4F7556}") = "Liftr.IFxAuditLinux", "Liftr.IFxAuditLinux\Liftr.IFxAuditLinux.csproj", "{CCA74C2F-5C73-4B42-A0BE-F5F87F4FC92C}"
EndProject
Project("{9A19103F-16F7-4668-BE54-9A1E7A4F7556}") = "BaseImageBuilder", "BaseImageBuilder\BaseImageBuilder.csproj", "{FDDBC8F4-8CC3-40DE-8DB6-16F6D1648407}"
EndProject
Project("{9A19103F-16F7-4668-BE54-9A1E7A4F7556}") = "Liftr.Marketplace", "Liftr.Marketplace\Liftr.Marketplace.csproj", "{CA0BFE7B-A269-4F32-AED8-D793AF1ABA00}"
EndProject
Project("{9A19103F-16F7-4668-BE54-9A1E7A4F7556}") = "Liftr.Marketplace.Tests", "Liftr.Marketplace.Tests\Liftr.Marketplace.Tests.csproj", "{05E0BE6E-0634-4FA1-A744-8DBDF5CEE3FA}"
EndProject
Project("{9A19103F-16F7-4668-BE54-9A1E7A4F7556}") = "Liftr.JwtLibrary", "Liftr.JwtLibrary\Liftr.JwtLibrary.csproj", "{5347A710-ECCD-4749-ABD4-49FD7ABA3D11}"
EndProject
Project("{9A19103F-16F7-4668-BE54-9A1E7A4F7556}") = "Liftr.JwtLibrary.Tests", "Liftr.JwtLibrary.Tests\Liftr.JwtLibrary.Tests.csproj", "{747D0F4D-F631-4104-931E-0ED87F751BBC}"
EndProject
Project("{9A19103F-16F7-4668-BE54-9A1E7A4F7556}") = "VMSSDeployment.Runner", "VMSSDeployment.Runner\VMSSDeployment.Runner.csproj", "{5971FD68-D0E5-486D-8D06-A88EF68658A5}"
EndProject
Project("{9A19103F-16F7-4668-BE54-9A1E7A4F7556}") = "Liftr.Logging.Metrics.Test", "Liftr.Logging.Metrics.Test\Liftr.Logging.Metrics.Test.csproj", "{30CF9F7E-47B1-4BD9-801C-EE3DA5CC3D30}"
EndProject
Project("{9A19103F-16F7-4668-BE54-9A1E7A4F7556}") = "Liftr.Logging.Metrics", "Liftr.Logging.Metrics\Liftr.Logging.Metrics.csproj", "{8E8B6842-8725-4949-9114-389E3B7E1D7C}"
EndProject
Project("{9A19103F-16F7-4668-BE54-9A1E7A4F7556}") = "Liftr.EventHubManager", "Liftr.EventHubManager\Liftr.EventHubManager.csproj", "{CC114EF3-D27B-4F58-A618-223B84E09CD1}"
EndProject
Project("{9A19103F-16F7-4668-BE54-9A1E7A4F7556}") = "Liftr.EventHubManager.Tests", "Liftr.EventHubManager.Tests\Liftr.EventHubManager.Tests.csproj", "{D0A8129A-0655-4072-A3CD-5A75AF020386}"
EndProject
Project("{9A19103F-16F7-4668-BE54-9A1E7A4F7556}") = "Deployment.Runner.GlobalService", "Deployment.Runner.GlobalService\Deployment.Runner.GlobalService.csproj", "{7BCF77DC-81FE-451E-AD6D-161310A0F90E}"
EndProject
Project("{9A19103F-16F7-4668-BE54-9A1E7A4F7556}") = "Liftr.Hosting.Contracts", "Liftr.Hosting.Contracts\Liftr.Hosting.Contracts.csproj", "{3ACB0F08-39FA-49D1-A842-47B5BCEC0020}"
EndProject
Project("{9A19103F-16F7-4668-BE54-9A1E7A4F7556}") = "Liftr.Polly", "Liftr.Polly\Liftr.Polly.csproj", "{364EC7F9-D29C-4A7E-AF8B-B1B34FF15D38}"
EndProject
Project("{9A19103F-16F7-4668-BE54-9A1E7A4F7556}") = "Liftr.Tests.Utilities", "Liftr.Tests.Utilities\Liftr.Tests.Utilities.csproj", "{2658FD65-218D-48A8-A212-BD550B6BDDC9}"
EndProject
Project("{FAE04EC0-301F-11D3-BF4B-00C04F79EFBC}") = "Liftr.Logging.Blob", "Liftr.Logging.Blob\Liftr.Logging.Blob.csproj", "{442AF5E8-AE81-443C-9F91-F4882DA51920}"
EndProject
Global
	GlobalSection(SolutionConfigurationPlatforms) = preSolution
		Debug|Any CPU = Debug|Any CPU
		Release|Any CPU = Release|Any CPU
	EndGlobalSection
	GlobalSection(ProjectConfigurationPlatforms) = postSolution
		{629A2EE7-20D0-47D7-A9A9-638BA7EF6AD2}.Debug|Any CPU.ActiveCfg = Debug|Any CPU
		{629A2EE7-20D0-47D7-A9A9-638BA7EF6AD2}.Debug|Any CPU.Build.0 = Debug|Any CPU
		{629A2EE7-20D0-47D7-A9A9-638BA7EF6AD2}.Release|Any CPU.ActiveCfg = Release|Any CPU
		{629A2EE7-20D0-47D7-A9A9-638BA7EF6AD2}.Release|Any CPU.Build.0 = Release|Any CPU
		{336FAA25-B1F3-4541-BB14-A42ED60E88EA}.Debug|Any CPU.ActiveCfg = Debug|Any CPU
		{336FAA25-B1F3-4541-BB14-A42ED60E88EA}.Debug|Any CPU.Build.0 = Debug|Any CPU
		{336FAA25-B1F3-4541-BB14-A42ED60E88EA}.Release|Any CPU.ActiveCfg = Release|Any CPU
		{336FAA25-B1F3-4541-BB14-A42ED60E88EA}.Release|Any CPU.Build.0 = Release|Any CPU
		{7BD6E1C0-4B0F-4DDC-83A2-FD9298907FB7}.Debug|Any CPU.ActiveCfg = Debug|Any CPU
		{7BD6E1C0-4B0F-4DDC-83A2-FD9298907FB7}.Debug|Any CPU.Build.0 = Debug|Any CPU
		{7BD6E1C0-4B0F-4DDC-83A2-FD9298907FB7}.Release|Any CPU.ActiveCfg = Release|Any CPU
		{7BD6E1C0-4B0F-4DDC-83A2-FD9298907FB7}.Release|Any CPU.Build.0 = Release|Any CPU
		{236CF19C-399F-460F-A068-935185814C14}.Debug|Any CPU.ActiveCfg = Debug|Any CPU
		{236CF19C-399F-460F-A068-935185814C14}.Debug|Any CPU.Build.0 = Debug|Any CPU
		{236CF19C-399F-460F-A068-935185814C14}.Release|Any CPU.ActiveCfg = Release|Any CPU
		{236CF19C-399F-460F-A068-935185814C14}.Release|Any CPU.Build.0 = Release|Any CPU
		{BCE2A045-4B3F-4D3C-A87E-A226EF09176C}.Debug|Any CPU.ActiveCfg = Debug|Any CPU
		{BCE2A045-4B3F-4D3C-A87E-A226EF09176C}.Debug|Any CPU.Build.0 = Debug|Any CPU
		{BCE2A045-4B3F-4D3C-A87E-A226EF09176C}.Release|Any CPU.ActiveCfg = Release|Any CPU
		{BCE2A045-4B3F-4D3C-A87E-A226EF09176C}.Release|Any CPU.Build.0 = Release|Any CPU
		{67D5E047-67CC-4A4C-A0E9-524F7F69B54A}.Debug|Any CPU.ActiveCfg = Debug|Any CPU
		{67D5E047-67CC-4A4C-A0E9-524F7F69B54A}.Debug|Any CPU.Build.0 = Debug|Any CPU
		{67D5E047-67CC-4A4C-A0E9-524F7F69B54A}.Release|Any CPU.ActiveCfg = Release|Any CPU
		{67D5E047-67CC-4A4C-A0E9-524F7F69B54A}.Release|Any CPU.Build.0 = Release|Any CPU
		{50927DA1-CA1A-415D-B367-64884D31F75E}.Debug|Any CPU.ActiveCfg = Debug|Any CPU
		{50927DA1-CA1A-415D-B367-64884D31F75E}.Debug|Any CPU.Build.0 = Debug|Any CPU
		{50927DA1-CA1A-415D-B367-64884D31F75E}.Release|Any CPU.ActiveCfg = Release|Any CPU
		{50927DA1-CA1A-415D-B367-64884D31F75E}.Release|Any CPU.Build.0 = Release|Any CPU
		{FECC342E-C729-4936-ABCD-CBC72C524CB4}.Debug|Any CPU.ActiveCfg = Debug|Any CPU
		{FECC342E-C729-4936-ABCD-CBC72C524CB4}.Debug|Any CPU.Build.0 = Debug|Any CPU
		{FECC342E-C729-4936-ABCD-CBC72C524CB4}.Release|Any CPU.ActiveCfg = Release|Any CPU
		{FECC342E-C729-4936-ABCD-CBC72C524CB4}.Release|Any CPU.Build.0 = Release|Any CPU
		{146F2075-7E59-4EF9-977E-A3FCADB8542A}.Debug|Any CPU.ActiveCfg = Debug|Any CPU
		{146F2075-7E59-4EF9-977E-A3FCADB8542A}.Debug|Any CPU.Build.0 = Debug|Any CPU
		{146F2075-7E59-4EF9-977E-A3FCADB8542A}.Release|Any CPU.ActiveCfg = Release|Any CPU
		{146F2075-7E59-4EF9-977E-A3FCADB8542A}.Release|Any CPU.Build.0 = Release|Any CPU
		{AB670CE0-356D-457F-BBE9-D25462011106}.Debug|Any CPU.ActiveCfg = Debug|Any CPU
		{AB670CE0-356D-457F-BBE9-D25462011106}.Debug|Any CPU.Build.0 = Debug|Any CPU
		{AB670CE0-356D-457F-BBE9-D25462011106}.Release|Any CPU.ActiveCfg = Release|Any CPU
		{AB670CE0-356D-457F-BBE9-D25462011106}.Release|Any CPU.Build.0 = Release|Any CPU
		{19489C1B-B028-4C2D-97CE-96E0C04F2D66}.Debug|Any CPU.ActiveCfg = Debug|Any CPU
		{19489C1B-B028-4C2D-97CE-96E0C04F2D66}.Debug|Any CPU.Build.0 = Debug|Any CPU
		{19489C1B-B028-4C2D-97CE-96E0C04F2D66}.Release|Any CPU.ActiveCfg = Release|Any CPU
		{19489C1B-B028-4C2D-97CE-96E0C04F2D66}.Release|Any CPU.Build.0 = Release|Any CPU
		{4A6175BE-90EE-4977-B10A-8169EDAAAC24}.Debug|Any CPU.ActiveCfg = Debug|Any CPU
		{4A6175BE-90EE-4977-B10A-8169EDAAAC24}.Debug|Any CPU.Build.0 = Debug|Any CPU
		{4A6175BE-90EE-4977-B10A-8169EDAAAC24}.Release|Any CPU.ActiveCfg = Release|Any CPU
		{4A6175BE-90EE-4977-B10A-8169EDAAAC24}.Release|Any CPU.Build.0 = Release|Any CPU
		{ECA70B79-3BE8-40B9-8BA9-54FB9C631F76}.Debug|Any CPU.ActiveCfg = Debug|Any CPU
		{ECA70B79-3BE8-40B9-8BA9-54FB9C631F76}.Debug|Any CPU.Build.0 = Debug|Any CPU
		{ECA70B79-3BE8-40B9-8BA9-54FB9C631F76}.Release|Any CPU.ActiveCfg = Release|Any CPU
		{ECA70B79-3BE8-40B9-8BA9-54FB9C631F76}.Release|Any CPU.Build.0 = Release|Any CPU
		{0B8AC032-B4A0-47B0-82DB-305BB0CB35DC}.Debug|Any CPU.ActiveCfg = Debug|Any CPU
		{0B8AC032-B4A0-47B0-82DB-305BB0CB35DC}.Debug|Any CPU.Build.0 = Debug|Any CPU
		{0B8AC032-B4A0-47B0-82DB-305BB0CB35DC}.Release|Any CPU.ActiveCfg = Release|Any CPU
		{0B8AC032-B4A0-47B0-82DB-305BB0CB35DC}.Release|Any CPU.Build.0 = Release|Any CPU
		{08D4FCD3-87AB-448A-AE3A-79A79F75E819}.Debug|Any CPU.ActiveCfg = Debug|Any CPU
		{08D4FCD3-87AB-448A-AE3A-79A79F75E819}.Debug|Any CPU.Build.0 = Debug|Any CPU
		{08D4FCD3-87AB-448A-AE3A-79A79F75E819}.Release|Any CPU.ActiveCfg = Release|Any CPU
		{08D4FCD3-87AB-448A-AE3A-79A79F75E819}.Release|Any CPU.Build.0 = Release|Any CPU
		{215B1D28-BE23-4454-8045-1E35345B7E39}.Debug|Any CPU.ActiveCfg = Debug|Any CPU
		{215B1D28-BE23-4454-8045-1E35345B7E39}.Debug|Any CPU.Build.0 = Debug|Any CPU
		{215B1D28-BE23-4454-8045-1E35345B7E39}.Release|Any CPU.ActiveCfg = Release|Any CPU
		{215B1D28-BE23-4454-8045-1E35345B7E39}.Release|Any CPU.Build.0 = Release|Any CPU
		{8DE88599-FCF1-4F2D-B535-7CC426C4005C}.Debug|Any CPU.ActiveCfg = Debug|Any CPU
		{8DE88599-FCF1-4F2D-B535-7CC426C4005C}.Debug|Any CPU.Build.0 = Debug|Any CPU
		{8DE88599-FCF1-4F2D-B535-7CC426C4005C}.Release|Any CPU.ActiveCfg = Release|Any CPU
		{8DE88599-FCF1-4F2D-B535-7CC426C4005C}.Release|Any CPU.Build.0 = Release|Any CPU
		{846680C1-6D27-4D19-B36F-0F1B26070337}.Debug|Any CPU.ActiveCfg = Debug|Any CPU
		{846680C1-6D27-4D19-B36F-0F1B26070337}.Debug|Any CPU.Build.0 = Debug|Any CPU
		{846680C1-6D27-4D19-B36F-0F1B26070337}.Release|Any CPU.ActiveCfg = Release|Any CPU
		{846680C1-6D27-4D19-B36F-0F1B26070337}.Release|Any CPU.Build.0 = Release|Any CPU
		{F5E37EF0-A2A3-49B8-8D69-D0246551638C}.Debug|Any CPU.ActiveCfg = Debug|Any CPU
		{F5E37EF0-A2A3-49B8-8D69-D0246551638C}.Debug|Any CPU.Build.0 = Debug|Any CPU
		{F5E37EF0-A2A3-49B8-8D69-D0246551638C}.Release|Any CPU.ActiveCfg = Release|Any CPU
		{F5E37EF0-A2A3-49B8-8D69-D0246551638C}.Release|Any CPU.Build.0 = Release|Any CPU
		{E3193929-8812-4626-A2A7-E049FF4E398D}.Debug|Any CPU.ActiveCfg = Debug|Any CPU
		{E3193929-8812-4626-A2A7-E049FF4E398D}.Debug|Any CPU.Build.0 = Debug|Any CPU
		{E3193929-8812-4626-A2A7-E049FF4E398D}.Release|Any CPU.ActiveCfg = Release|Any CPU
		{E3193929-8812-4626-A2A7-E049FF4E398D}.Release|Any CPU.Build.0 = Release|Any CPU
		{78C347BD-7930-483C-BDFA-5B8A09B85CE0}.Debug|Any CPU.ActiveCfg = Debug|Any CPU
		{78C347BD-7930-483C-BDFA-5B8A09B85CE0}.Debug|Any CPU.Build.0 = Debug|Any CPU
		{78C347BD-7930-483C-BDFA-5B8A09B85CE0}.Release|Any CPU.ActiveCfg = Release|Any CPU
		{78C347BD-7930-483C-BDFA-5B8A09B85CE0}.Release|Any CPU.Build.0 = Release|Any CPU
		{39FF46EE-FCB6-4483-A340-B7D71D5AABB7}.Debug|Any CPU.ActiveCfg = Debug|Any CPU
		{39FF46EE-FCB6-4483-A340-B7D71D5AABB7}.Debug|Any CPU.Build.0 = Debug|Any CPU
		{39FF46EE-FCB6-4483-A340-B7D71D5AABB7}.Release|Any CPU.ActiveCfg = Release|Any CPU
		{39FF46EE-FCB6-4483-A340-B7D71D5AABB7}.Release|Any CPU.Build.0 = Release|Any CPU
		{5D508DDE-85E6-434C-ACA5-5F06A3ABC52E}.Debug|Any CPU.ActiveCfg = Debug|Any CPU
		{5D508DDE-85E6-434C-ACA5-5F06A3ABC52E}.Debug|Any CPU.Build.0 = Debug|Any CPU
		{5D508DDE-85E6-434C-ACA5-5F06A3ABC52E}.Release|Any CPU.ActiveCfg = Release|Any CPU
		{5D508DDE-85E6-434C-ACA5-5F06A3ABC52E}.Release|Any CPU.Build.0 = Release|Any CPU
		{F8E1FF57-A3F7-4F14-8852-57DDA637DE58}.Debug|Any CPU.ActiveCfg = Debug|Any CPU
		{F8E1FF57-A3F7-4F14-8852-57DDA637DE58}.Debug|Any CPU.Build.0 = Debug|Any CPU
		{F8E1FF57-A3F7-4F14-8852-57DDA637DE58}.Release|Any CPU.ActiveCfg = Release|Any CPU
		{F8E1FF57-A3F7-4F14-8852-57DDA637DE58}.Release|Any CPU.Build.0 = Release|Any CPU
		{6E234489-0477-4F0E-BBEA-52A15E86BDCF}.Debug|Any CPU.ActiveCfg = Debug|Any CPU
		{6E234489-0477-4F0E-BBEA-52A15E86BDCF}.Debug|Any CPU.Build.0 = Debug|Any CPU
		{6E234489-0477-4F0E-BBEA-52A15E86BDCF}.Release|Any CPU.ActiveCfg = Release|Any CPU
		{6E234489-0477-4F0E-BBEA-52A15E86BDCF}.Release|Any CPU.Build.0 = Release|Any CPU
		{671C5D08-6E65-43C8-82B3-7C805C79CFB9}.Debug|Any CPU.ActiveCfg = Debug|Any CPU
		{671C5D08-6E65-43C8-82B3-7C805C79CFB9}.Debug|Any CPU.Build.0 = Debug|Any CPU
		{671C5D08-6E65-43C8-82B3-7C805C79CFB9}.Release|Any CPU.ActiveCfg = Release|Any CPU
		{671C5D08-6E65-43C8-82B3-7C805C79CFB9}.Release|Any CPU.Build.0 = Release|Any CPU
		{C33A3C82-369A-4864-B8DF-5D3B45BD0E24}.Debug|Any CPU.ActiveCfg = Debug|Any CPU
		{C33A3C82-369A-4864-B8DF-5D3B45BD0E24}.Debug|Any CPU.Build.0 = Debug|Any CPU
		{C33A3C82-369A-4864-B8DF-5D3B45BD0E24}.Release|Any CPU.ActiveCfg = Release|Any CPU
		{C33A3C82-369A-4864-B8DF-5D3B45BD0E24}.Release|Any CPU.Build.0 = Release|Any CPU
		{59FCEAD2-6D14-404D-B0E2-0F8E22621DDF}.Debug|Any CPU.ActiveCfg = Debug|Any CPU
		{59FCEAD2-6D14-404D-B0E2-0F8E22621DDF}.Debug|Any CPU.Build.0 = Debug|Any CPU
		{59FCEAD2-6D14-404D-B0E2-0F8E22621DDF}.Release|Any CPU.ActiveCfg = Release|Any CPU
		{59FCEAD2-6D14-404D-B0E2-0F8E22621DDF}.Release|Any CPU.Build.0 = Release|Any CPU
		{F7817F47-0281-4933-852B-3849FD28161A}.Debug|Any CPU.ActiveCfg = Debug|Any CPU
		{F7817F47-0281-4933-852B-3849FD28161A}.Debug|Any CPU.Build.0 = Debug|Any CPU
		{F7817F47-0281-4933-852B-3849FD28161A}.Release|Any CPU.ActiveCfg = Release|Any CPU
		{F7817F47-0281-4933-852B-3849FD28161A}.Release|Any CPU.Build.0 = Release|Any CPU
		{28E45D28-1AEF-4489-893F-A9C71F64242C}.Debug|Any CPU.ActiveCfg = Debug|Any CPU
		{28E45D28-1AEF-4489-893F-A9C71F64242C}.Debug|Any CPU.Build.0 = Debug|Any CPU
		{28E45D28-1AEF-4489-893F-A9C71F64242C}.Release|Any CPU.ActiveCfg = Release|Any CPU
		{28E45D28-1AEF-4489-893F-A9C71F64242C}.Release|Any CPU.Build.0 = Release|Any CPU
		{05C29794-2077-4A1A-BC4C-7AF871C0BBF1}.Debug|Any CPU.ActiveCfg = Debug|Any CPU
		{05C29794-2077-4A1A-BC4C-7AF871C0BBF1}.Debug|Any CPU.Build.0 = Debug|Any CPU
		{05C29794-2077-4A1A-BC4C-7AF871C0BBF1}.Release|Any CPU.ActiveCfg = Release|Any CPU
		{05C29794-2077-4A1A-BC4C-7AF871C0BBF1}.Release|Any CPU.Build.0 = Release|Any CPU
		{35E9C211-BAB8-434C-8666-FABA33163F58}.Debug|Any CPU.ActiveCfg = Debug|Any CPU
		{35E9C211-BAB8-434C-8666-FABA33163F58}.Debug|Any CPU.Build.0 = Debug|Any CPU
		{35E9C211-BAB8-434C-8666-FABA33163F58}.Release|Any CPU.ActiveCfg = Release|Any CPU
		{35E9C211-BAB8-434C-8666-FABA33163F58}.Release|Any CPU.Build.0 = Release|Any CPU
		{63D7CBAF-DD3C-4EB2-96ED-042345D6CD4D}.Debug|Any CPU.ActiveCfg = Debug|Any CPU
		{63D7CBAF-DD3C-4EB2-96ED-042345D6CD4D}.Debug|Any CPU.Build.0 = Debug|Any CPU
		{63D7CBAF-DD3C-4EB2-96ED-042345D6CD4D}.Release|Any CPU.ActiveCfg = Release|Any CPU
		{63D7CBAF-DD3C-4EB2-96ED-042345D6CD4D}.Release|Any CPU.Build.0 = Release|Any CPU
		{7150367B-73A1-400B-9E7F-FFD645A7EC96}.Debug|Any CPU.ActiveCfg = Debug|Any CPU
		{7150367B-73A1-400B-9E7F-FFD645A7EC96}.Debug|Any CPU.Build.0 = Debug|Any CPU
		{7150367B-73A1-400B-9E7F-FFD645A7EC96}.Release|Any CPU.ActiveCfg = Release|Any CPU
		{7150367B-73A1-400B-9E7F-FFD645A7EC96}.Release|Any CPU.Build.0 = Release|Any CPU
		{0EC30C9D-ECEE-46EB-BF7C-AE86BA0F6FDA}.Debug|Any CPU.ActiveCfg = Debug|Any CPU
		{0EC30C9D-ECEE-46EB-BF7C-AE86BA0F6FDA}.Debug|Any CPU.Build.0 = Debug|Any CPU
		{0EC30C9D-ECEE-46EB-BF7C-AE86BA0F6FDA}.Release|Any CPU.ActiveCfg = Release|Any CPU
		{0EC30C9D-ECEE-46EB-BF7C-AE86BA0F6FDA}.Release|Any CPU.Build.0 = Release|Any CPU
		{0973BD2E-0AF6-4AFE-8498-98DD35279C03}.Debug|Any CPU.ActiveCfg = Debug|Any CPU
		{0973BD2E-0AF6-4AFE-8498-98DD35279C03}.Debug|Any CPU.Build.0 = Debug|Any CPU
		{0973BD2E-0AF6-4AFE-8498-98DD35279C03}.Release|Any CPU.ActiveCfg = Release|Any CPU
		{0973BD2E-0AF6-4AFE-8498-98DD35279C03}.Release|Any CPU.Build.0 = Release|Any CPU
		{F8A62179-A595-493D-8AA9-D52CC0736B1B}.Debug|Any CPU.ActiveCfg = Debug|Any CPU
		{F8A62179-A595-493D-8AA9-D52CC0736B1B}.Debug|Any CPU.Build.0 = Debug|Any CPU
		{F8A62179-A595-493D-8AA9-D52CC0736B1B}.Release|Any CPU.ActiveCfg = Release|Any CPU
		{F8A62179-A595-493D-8AA9-D52CC0736B1B}.Release|Any CPU.Build.0 = Release|Any CPU
		{FC1079A0-2DC6-4276-BC8A-8487B830C483}.Debug|Any CPU.ActiveCfg = Debug|Any CPU
		{FC1079A0-2DC6-4276-BC8A-8487B830C483}.Debug|Any CPU.Build.0 = Debug|Any CPU
		{FC1079A0-2DC6-4276-BC8A-8487B830C483}.Release|Any CPU.ActiveCfg = Release|Any CPU
		{FC1079A0-2DC6-4276-BC8A-8487B830C483}.Release|Any CPU.Build.0 = Release|Any CPU
		{597D1C42-5E2D-4724-8FBA-9B3A3F668801}.Debug|Any CPU.ActiveCfg = Debug|Any CPU
		{597D1C42-5E2D-4724-8FBA-9B3A3F668801}.Debug|Any CPU.Build.0 = Debug|Any CPU
		{597D1C42-5E2D-4724-8FBA-9B3A3F668801}.Release|Any CPU.ActiveCfg = Release|Any CPU
		{597D1C42-5E2D-4724-8FBA-9B3A3F668801}.Release|Any CPU.Build.0 = Release|Any CPU
		{39030FA7-8BA1-4A8B-A830-67421BCBA3E7}.Debug|Any CPU.ActiveCfg = Debug|Any CPU
		{39030FA7-8BA1-4A8B-A830-67421BCBA3E7}.Debug|Any CPU.Build.0 = Debug|Any CPU
		{39030FA7-8BA1-4A8B-A830-67421BCBA3E7}.Release|Any CPU.ActiveCfg = Release|Any CPU
		{39030FA7-8BA1-4A8B-A830-67421BCBA3E7}.Release|Any CPU.Build.0 = Release|Any CPU
		{9D0B9A7C-84F7-419A-906B-C1F681373CFA}.Debug|Any CPU.ActiveCfg = Debug|Any CPU
		{9D0B9A7C-84F7-419A-906B-C1F681373CFA}.Debug|Any CPU.Build.0 = Debug|Any CPU
		{9D0B9A7C-84F7-419A-906B-C1F681373CFA}.Release|Any CPU.ActiveCfg = Release|Any CPU
		{9D0B9A7C-84F7-419A-906B-C1F681373CFA}.Release|Any CPU.Build.0 = Release|Any CPU
		{83D64C35-470C-46F9-8BEE-7458E815057B}.Debug|Any CPU.ActiveCfg = Debug|Any CPU
		{83D64C35-470C-46F9-8BEE-7458E815057B}.Debug|Any CPU.Build.0 = Debug|Any CPU
		{83D64C35-470C-46F9-8BEE-7458E815057B}.Release|Any CPU.ActiveCfg = Release|Any CPU
		{83D64C35-470C-46F9-8BEE-7458E815057B}.Release|Any CPU.Build.0 = Release|Any CPU
		{8E6D26F1-46B3-4781-A5FE-E396F728D7F3}.Debug|Any CPU.ActiveCfg = Debug|Any CPU
		{8E6D26F1-46B3-4781-A5FE-E396F728D7F3}.Debug|Any CPU.Build.0 = Debug|Any CPU
		{8E6D26F1-46B3-4781-A5FE-E396F728D7F3}.Release|Any CPU.ActiveCfg = Release|Any CPU
		{8E6D26F1-46B3-4781-A5FE-E396F728D7F3}.Release|Any CPU.Build.0 = Release|Any CPU
		{8B367199-4655-4E45-BCF0-9D809E3544F5}.Debug|Any CPU.ActiveCfg = Debug|Any CPU
		{8B367199-4655-4E45-BCF0-9D809E3544F5}.Debug|Any CPU.Build.0 = Debug|Any CPU
		{8B367199-4655-4E45-BCF0-9D809E3544F5}.Release|Any CPU.ActiveCfg = Release|Any CPU
		{8B367199-4655-4E45-BCF0-9D809E3544F5}.Release|Any CPU.Build.0 = Release|Any CPU
		{449903F7-E408-47A9-A33D-78655117A85B}.Debug|Any CPU.ActiveCfg = Debug|Any CPU
		{449903F7-E408-47A9-A33D-78655117A85B}.Debug|Any CPU.Build.0 = Debug|Any CPU
		{449903F7-E408-47A9-A33D-78655117A85B}.Release|Any CPU.ActiveCfg = Release|Any CPU
		{449903F7-E408-47A9-A33D-78655117A85B}.Release|Any CPU.Build.0 = Release|Any CPU
		{E283DD0C-E2E3-47F9-AC18-177A67E7D31C}.Debug|Any CPU.ActiveCfg = Debug|Any CPU
		{E283DD0C-E2E3-47F9-AC18-177A67E7D31C}.Debug|Any CPU.Build.0 = Debug|Any CPU
		{E283DD0C-E2E3-47F9-AC18-177A67E7D31C}.Release|Any CPU.ActiveCfg = Release|Any CPU
		{E283DD0C-E2E3-47F9-AC18-177A67E7D31C}.Release|Any CPU.Build.0 = Release|Any CPU
		{93E15DC3-6AE3-42A7-90F3-DE05573DDEAA}.Debug|Any CPU.ActiveCfg = Debug|Any CPU
		{93E15DC3-6AE3-42A7-90F3-DE05573DDEAA}.Debug|Any CPU.Build.0 = Debug|Any CPU
		{93E15DC3-6AE3-42A7-90F3-DE05573DDEAA}.Release|Any CPU.ActiveCfg = Release|Any CPU
		{93E15DC3-6AE3-42A7-90F3-DE05573DDEAA}.Release|Any CPU.Build.0 = Release|Any CPU
		{6FABC68A-B1F9-4739-8341-538DA82196FE}.Debug|Any CPU.ActiveCfg = Debug|Any CPU
		{6FABC68A-B1F9-4739-8341-538DA82196FE}.Debug|Any CPU.Build.0 = Debug|Any CPU
		{6FABC68A-B1F9-4739-8341-538DA82196FE}.Release|Any CPU.ActiveCfg = Release|Any CPU
		{6FABC68A-B1F9-4739-8341-538DA82196FE}.Release|Any CPU.Build.0 = Release|Any CPU
		{08472C9D-45B1-4B68-934B-2BF6CA1A2BC1}.Debug|Any CPU.ActiveCfg = Debug|Any CPU
		{08472C9D-45B1-4B68-934B-2BF6CA1A2BC1}.Debug|Any CPU.Build.0 = Debug|Any CPU
		{08472C9D-45B1-4B68-934B-2BF6CA1A2BC1}.Release|Any CPU.ActiveCfg = Release|Any CPU
		{08472C9D-45B1-4B68-934B-2BF6CA1A2BC1}.Release|Any CPU.Build.0 = Release|Any CPU
		{94B9A018-4CE0-4230-B798-5FC5A1015852}.Debug|Any CPU.ActiveCfg = Debug|Any CPU
		{94B9A018-4CE0-4230-B798-5FC5A1015852}.Debug|Any CPU.Build.0 = Debug|Any CPU
		{94B9A018-4CE0-4230-B798-5FC5A1015852}.Release|Any CPU.ActiveCfg = Release|Any CPU
		{94B9A018-4CE0-4230-B798-5FC5A1015852}.Release|Any CPU.Build.0 = Release|Any CPU
		{F8D05E68-A4B0-4DE8-B3F0-56FFA790914A}.Debug|Any CPU.ActiveCfg = Debug|Any CPU
		{F8D05E68-A4B0-4DE8-B3F0-56FFA790914A}.Debug|Any CPU.Build.0 = Debug|Any CPU
		{F8D05E68-A4B0-4DE8-B3F0-56FFA790914A}.Release|Any CPU.ActiveCfg = Release|Any CPU
		{F8D05E68-A4B0-4DE8-B3F0-56FFA790914A}.Release|Any CPU.Build.0 = Release|Any CPU
		{930EE827-D11D-4F94-A213-F9D1C199E4C5}.Debug|Any CPU.ActiveCfg = Debug|Any CPU
		{930EE827-D11D-4F94-A213-F9D1C199E4C5}.Debug|Any CPU.Build.0 = Debug|Any CPU
		{930EE827-D11D-4F94-A213-F9D1C199E4C5}.Release|Any CPU.ActiveCfg = Release|Any CPU
		{930EE827-D11D-4F94-A213-F9D1C199E4C5}.Release|Any CPU.Build.0 = Release|Any CPU
		{EA835D6E-97FA-429E-A6EA-6FC6B0F9AA9E}.Debug|Any CPU.ActiveCfg = Debug|Any CPU
		{EA835D6E-97FA-429E-A6EA-6FC6B0F9AA9E}.Debug|Any CPU.Build.0 = Debug|Any CPU
		{EA835D6E-97FA-429E-A6EA-6FC6B0F9AA9E}.Release|Any CPU.ActiveCfg = Release|Any CPU
		{EA835D6E-97FA-429E-A6EA-6FC6B0F9AA9E}.Release|Any CPU.Build.0 = Release|Any CPU
		{CCA74C2F-5C73-4B42-A0BE-F5F87F4FC92C}.Debug|Any CPU.ActiveCfg = Debug|Any CPU
		{CCA74C2F-5C73-4B42-A0BE-F5F87F4FC92C}.Debug|Any CPU.Build.0 = Debug|Any CPU
		{CCA74C2F-5C73-4B42-A0BE-F5F87F4FC92C}.Release|Any CPU.ActiveCfg = Release|Any CPU
		{CCA74C2F-5C73-4B42-A0BE-F5F87F4FC92C}.Release|Any CPU.Build.0 = Release|Any CPU
		{FDDBC8F4-8CC3-40DE-8DB6-16F6D1648407}.Debug|Any CPU.ActiveCfg = Debug|Any CPU
		{FDDBC8F4-8CC3-40DE-8DB6-16F6D1648407}.Debug|Any CPU.Build.0 = Debug|Any CPU
		{FDDBC8F4-8CC3-40DE-8DB6-16F6D1648407}.Release|Any CPU.ActiveCfg = Release|Any CPU
		{FDDBC8F4-8CC3-40DE-8DB6-16F6D1648407}.Release|Any CPU.Build.0 = Release|Any CPU
		{CA0BFE7B-A269-4F32-AED8-D793AF1ABA00}.Debug|Any CPU.ActiveCfg = Debug|Any CPU
		{CA0BFE7B-A269-4F32-AED8-D793AF1ABA00}.Debug|Any CPU.Build.0 = Debug|Any CPU
		{CA0BFE7B-A269-4F32-AED8-D793AF1ABA00}.Release|Any CPU.ActiveCfg = Release|Any CPU
		{CA0BFE7B-A269-4F32-AED8-D793AF1ABA00}.Release|Any CPU.Build.0 = Release|Any CPU
		{05E0BE6E-0634-4FA1-A744-8DBDF5CEE3FA}.Debug|Any CPU.ActiveCfg = Debug|Any CPU
		{05E0BE6E-0634-4FA1-A744-8DBDF5CEE3FA}.Debug|Any CPU.Build.0 = Debug|Any CPU
		{05E0BE6E-0634-4FA1-A744-8DBDF5CEE3FA}.Release|Any CPU.ActiveCfg = Release|Any CPU
		{05E0BE6E-0634-4FA1-A744-8DBDF5CEE3FA}.Release|Any CPU.Build.0 = Release|Any CPU
		{5347A710-ECCD-4749-ABD4-49FD7ABA3D11}.Debug|Any CPU.ActiveCfg = Debug|Any CPU
		{5347A710-ECCD-4749-ABD4-49FD7ABA3D11}.Debug|Any CPU.Build.0 = Debug|Any CPU
		{5347A710-ECCD-4749-ABD4-49FD7ABA3D11}.Release|Any CPU.ActiveCfg = Release|Any CPU
		{5347A710-ECCD-4749-ABD4-49FD7ABA3D11}.Release|Any CPU.Build.0 = Release|Any CPU
		{747D0F4D-F631-4104-931E-0ED87F751BBC}.Debug|Any CPU.ActiveCfg = Debug|Any CPU
		{747D0F4D-F631-4104-931E-0ED87F751BBC}.Debug|Any CPU.Build.0 = Debug|Any CPU
		{747D0F4D-F631-4104-931E-0ED87F751BBC}.Release|Any CPU.ActiveCfg = Release|Any CPU
		{747D0F4D-F631-4104-931E-0ED87F751BBC}.Release|Any CPU.Build.0 = Release|Any CPU
		{5971FD68-D0E5-486D-8D06-A88EF68658A5}.Debug|Any CPU.ActiveCfg = Debug|Any CPU
		{5971FD68-D0E5-486D-8D06-A88EF68658A5}.Debug|Any CPU.Build.0 = Debug|Any CPU
		{5971FD68-D0E5-486D-8D06-A88EF68658A5}.Release|Any CPU.ActiveCfg = Release|Any CPU
		{5971FD68-D0E5-486D-8D06-A88EF68658A5}.Release|Any CPU.Build.0 = Release|Any CPU
		{30CF9F7E-47B1-4BD9-801C-EE3DA5CC3D30}.Debug|Any CPU.ActiveCfg = Debug|Any CPU
		{30CF9F7E-47B1-4BD9-801C-EE3DA5CC3D30}.Debug|Any CPU.Build.0 = Debug|Any CPU
		{30CF9F7E-47B1-4BD9-801C-EE3DA5CC3D30}.Release|Any CPU.ActiveCfg = Release|Any CPU
		{30CF9F7E-47B1-4BD9-801C-EE3DA5CC3D30}.Release|Any CPU.Build.0 = Release|Any CPU
		{8E8B6842-8725-4949-9114-389E3B7E1D7C}.Debug|Any CPU.ActiveCfg = Debug|Any CPU
		{8E8B6842-8725-4949-9114-389E3B7E1D7C}.Debug|Any CPU.Build.0 = Debug|Any CPU
		{8E8B6842-8725-4949-9114-389E3B7E1D7C}.Release|Any CPU.ActiveCfg = Release|Any CPU
		{8E8B6842-8725-4949-9114-389E3B7E1D7C}.Release|Any CPU.Build.0 = Release|Any CPU
		{CC114EF3-D27B-4F58-A618-223B84E09CD1}.Debug|Any CPU.ActiveCfg = Debug|Any CPU
		{CC114EF3-D27B-4F58-A618-223B84E09CD1}.Debug|Any CPU.Build.0 = Debug|Any CPU
		{CC114EF3-D27B-4F58-A618-223B84E09CD1}.Release|Any CPU.ActiveCfg = Release|Any CPU
		{CC114EF3-D27B-4F58-A618-223B84E09CD1}.Release|Any CPU.Build.0 = Release|Any CPU
		{D0A8129A-0655-4072-A3CD-5A75AF020386}.Debug|Any CPU.ActiveCfg = Debug|Any CPU
		{D0A8129A-0655-4072-A3CD-5A75AF020386}.Debug|Any CPU.Build.0 = Debug|Any CPU
		{D0A8129A-0655-4072-A3CD-5A75AF020386}.Release|Any CPU.ActiveCfg = Release|Any CPU
		{D0A8129A-0655-4072-A3CD-5A75AF020386}.Release|Any CPU.Build.0 = Release|Any CPU
		{7BCF77DC-81FE-451E-AD6D-161310A0F90E}.Debug|Any CPU.ActiveCfg = Debug|Any CPU
		{7BCF77DC-81FE-451E-AD6D-161310A0F90E}.Debug|Any CPU.Build.0 = Debug|Any CPU
		{7BCF77DC-81FE-451E-AD6D-161310A0F90E}.Release|Any CPU.ActiveCfg = Release|Any CPU
		{7BCF77DC-81FE-451E-AD6D-161310A0F90E}.Release|Any CPU.Build.0 = Release|Any CPU
		{3ACB0F08-39FA-49D1-A842-47B5BCEC0020}.Debug|Any CPU.ActiveCfg = Debug|Any CPU
		{3ACB0F08-39FA-49D1-A842-47B5BCEC0020}.Debug|Any CPU.Build.0 = Debug|Any CPU
		{3ACB0F08-39FA-49D1-A842-47B5BCEC0020}.Release|Any CPU.ActiveCfg = Release|Any CPU
		{3ACB0F08-39FA-49D1-A842-47B5BCEC0020}.Release|Any CPU.Build.0 = Release|Any CPU
		{364EC7F9-D29C-4A7E-AF8B-B1B34FF15D38}.Debug|Any CPU.ActiveCfg = Debug|Any CPU
		{364EC7F9-D29C-4A7E-AF8B-B1B34FF15D38}.Debug|Any CPU.Build.0 = Debug|Any CPU
		{364EC7F9-D29C-4A7E-AF8B-B1B34FF15D38}.Release|Any CPU.ActiveCfg = Release|Any CPU
		{364EC7F9-D29C-4A7E-AF8B-B1B34FF15D38}.Release|Any CPU.Build.0 = Release|Any CPU
		{2658FD65-218D-48A8-A212-BD550B6BDDC9}.Debug|Any CPU.ActiveCfg = Debug|Any CPU
		{2658FD65-218D-48A8-A212-BD550B6BDDC9}.Debug|Any CPU.Build.0 = Debug|Any CPU
		{2658FD65-218D-48A8-A212-BD550B6BDDC9}.Release|Any CPU.ActiveCfg = Release|Any CPU
		{2658FD65-218D-48A8-A212-BD550B6BDDC9}.Release|Any CPU.Build.0 = Release|Any CPU
		{442AF5E8-AE81-443C-9F91-F4882DA51920}.Debug|Any CPU.ActiveCfg = Debug|Any CPU
		{442AF5E8-AE81-443C-9F91-F4882DA51920}.Debug|Any CPU.Build.0 = Debug|Any CPU
		{442AF5E8-AE81-443C-9F91-F4882DA51920}.Release|Any CPU.ActiveCfg = Release|Any CPU
		{442AF5E8-AE81-443C-9F91-F4882DA51920}.Release|Any CPU.Build.0 = Release|Any CPU
	EndGlobalSection
	GlobalSection(SolutionProperties) = preSolution
		HideSolutionNode = FALSE
	EndGlobalSection
	GlobalSection(NestedProjects) = preSolution
		{08D4FCD3-87AB-448A-AE3A-79A79F75E819} = {E4958D13-B767-451D-8C50-629C1805BD9A}
		{215B1D28-BE23-4454-8045-1E35345B7E39} = {E4958D13-B767-451D-8C50-629C1805BD9A}
		{5D508DDE-85E6-434C-ACA5-5F06A3ABC52E} = {E4958D13-B767-451D-8C50-629C1805BD9A}
		{F8E1FF57-A3F7-4F14-8852-57DDA637DE58} = {E4958D13-B767-451D-8C50-629C1805BD9A}
		{6E234489-0477-4F0E-BBEA-52A15E86BDCF} = {E4958D13-B767-451D-8C50-629C1805BD9A}
		{671C5D08-6E65-43C8-82B3-7C805C79CFB9} = {E4958D13-B767-451D-8C50-629C1805BD9A}
		{59FCEAD2-6D14-404D-B0E2-0F8E22621DDF} = {E4958D13-B767-451D-8C50-629C1805BD9A}
		{F7817F47-0281-4933-852B-3849FD28161A} = {E4958D13-B767-451D-8C50-629C1805BD9A}
		{0EC30C9D-ECEE-46EB-BF7C-AE86BA0F6FDA} = {E4958D13-B767-451D-8C50-629C1805BD9A}
		{0973BD2E-0AF6-4AFE-8498-98DD35279C03} = {E4958D13-B767-451D-8C50-629C1805BD9A}
		{F8A62179-A595-493D-8AA9-D52CC0736B1B} = {E6C8A847-172D-4E1A-ADFB-AC96B7C1314F}
		{FC1079A0-2DC6-4276-BC8A-8487B830C483} = {E4958D13-B767-451D-8C50-629C1805BD9A}
		{39030FA7-8BA1-4A8B-A830-67421BCBA3E7} = {E6C8A847-172D-4E1A-ADFB-AC96B7C1314F}
		{9D0B9A7C-84F7-419A-906B-C1F681373CFA} = {E6C8A847-172D-4E1A-ADFB-AC96B7C1314F}
		{8B367199-4655-4E45-BCF0-9D809E3544F5} = {E6C8A847-172D-4E1A-ADFB-AC96B7C1314F}
		{930EE827-D11D-4F94-A213-F9D1C199E4C5} = {E6C8A847-172D-4E1A-ADFB-AC96B7C1314F}
		{FDDBC8F4-8CC3-40DE-8DB6-16F6D1648407} = {E6C8A847-172D-4E1A-ADFB-AC96B7C1314F}
		{5971FD68-D0E5-486D-8D06-A88EF68658A5} = {E6C8A847-172D-4E1A-ADFB-AC96B7C1314F}
		{7BCF77DC-81FE-451E-AD6D-161310A0F90E} = {E6C8A847-172D-4E1A-ADFB-AC96B7C1314F}
		{3ACB0F08-39FA-49D1-A842-47B5BCEC0020} = {E4958D13-B767-451D-8C50-629C1805BD9A}
	EndGlobalSection
	GlobalSection(ExtensibilityGlobals) = postSolution
		SolutionGuid = {CF8F327F-EB87-482C-861B-2D635AB4E992}
	EndGlobalSection
EndGlobal
